
Microsoft Visual Studio Solution File, Format Version 12.00
# Visual Studio 15
VisualStudioVersion = 15.0.27703.2042
MinimumVisualStudioVersion = 10.0.40219.1
Project("{FAE04EC0-301F-11D3-BF4B-00C04F79EFBC}") = "Capstone2", "Capstone2\Capstone2.csproj", "{79280D31-36DA-42D5-BA96-BF111EF43F93}"
EndProject
Project("{FAE04EC0-301F-11D3-BF4B-00C04F79EFBC}") = "Capstone2.Library", "ClassLibrary1\Capstone2.Library.csproj", "{6065B71F-2789-475B-8D28-9206A6194D61}"
EndProject
Global
	GlobalSection(SolutionConfigurationPlatforms) = preSolution
		Debug|Any CPU = Debug|Any CPU
		Release|Any CPU = Release|Any CPU
	EndGlobalSection
	GlobalSection(ProjectConfigurationPlatforms) = postSolution
		{79280D31-36DA-42D5-BA96-BF111EF43F93}.Debug|Any CPU.ActiveCfg = Debug|Any CPU
		{79280D31-36DA-42D5-BA96-BF111EF43F93}.Debug|Any CPU.Build.0 = Debug|Any CPU
		{79280D31-36DA-42D5-BA96-BF111EF43F93}.Release|Any CPU.ActiveCfg = Release|Any CPU
		{79280D31-36DA-42D5-BA96-BF111EF43F93}.Release|Any CPU.Build.0 = Release|Any CPU
		{6065B71F-2789-475B-8D28-9206A6194D61}.Debug|Any CPU.ActiveCfg = Debug|Any CPU
		{6065B71F-2789-475B-8D28-9206A6194D61}.Debug|Any CPU.Build.0 = Debug|Any CPU
		{6065B71F-2789-475B-8D28-9206A6194D61}.Release|Any CPU.ActiveCfg = Release|Any CPU
		{6065B71F-2789-475B-8D28-9206A6194D61}.Release|Any CPU.Build.0 = Release|Any CPU
	EndGlobalSection
	GlobalSection(SolutionProperties) = preSolution
		HideSolutionNode = FALSE
	EndGlobalSection
	GlobalSection(ExtensibilityGlobals) = postSolution
		SolutionGuid = {DC7D1F67-E8AD-4CDD-BE69-9996A590B4E0}
	EndGlobalSection
EndGlobal
